// !$*UTF8*$!
{
	archiveVersion = 1;
	classes = {
	};
	objectVersion = 46;
	objects = {

/* Begin PBXBuildFile section */
		713F54051A8BB92F00C07205 /* AppDelegate.swift in Sources */ = {isa = PBXBuildFile; fileRef = 713F54041A8BB92F00C07205 /* AppDelegate.swift */; };
		713F54071A8BB92F00C07205 /* ViewController.swift in Sources */ = {isa = PBXBuildFile; fileRef = 713F54061A8BB92F00C07205 /* ViewController.swift */; };
		713F540A1A8BB92F00C07205 /* Main.storyboard in Resources */ = {isa = PBXBuildFile; fileRef = 713F54081A8BB92F00C07205 /* Main.storyboard */; };
		713F540C1A8BB92F00C07205 /* Images.xcassets in Resources */ = {isa = PBXBuildFile; fileRef = 713F540B1A8BB92F00C07205 /* Images.xcassets */; };
		713F540F1A8BB92F00C07205 /* LaunchScreen.xib in Resources */ = {isa = PBXBuildFile; fileRef = 713F540D1A8BB92F00C07205 /* LaunchScreen.xib */; };
		713F541B1A8BB92F00C07205 /* GuessingGame04Tests.swift in Sources */ = {isa = PBXBuildFile; fileRef = 713F541A1A8BB92F00C07205 /* GuessingGame04Tests.swift */; };
/* End PBXBuildFile section */

/* Begin PBXContainerItemProxy section */
		713F54151A8BB92F00C07205 /* PBXContainerItemProxy */ = {
			isa = PBXContainerItemProxy;
			containerPortal = 713F53F71A8BB92F00C07205 /* Project object */;
			proxyType = 1;
			remoteGlobalIDString = 713F53FE1A8BB92F00C07205;
			remoteInfo = GuessingGame04;
		};
/* End PBXContainerItemProxy section */

/* Begin PBXFileReference section */
		713F53FF1A8BB92F00C07205 /* GuessingGame04.app */ = {isa = PBXFileReference; explicitFileType = wrapper.application; includeInIndex = 0; path = GuessingGame04.app; sourceTree = BUILT_PRODUCTS_DIR; };
		713F54031A8BB92F00C07205 /* Info.plist */ = {isa = PBXFileReference; lastKnownFileType = text.plist.xml; path = Info.plist; sourceTree = "<group>"; };
		713F54041A8BB92F00C07205 /* AppDelegate.swift */ = {isa = PBXFileReference; lastKnownFileType = sourcecode.swift; path = AppDelegate.swift; sourceTree = "<group>"; };
		713F54061A8BB92F00C07205 /* ViewController.swift */ = {isa = PBXFileReference; lastKnownFileType = sourcecode.swift; path = ViewController.swift; sourceTree = "<group>"; };
		713F54091A8BB92F00C07205 /* Base */ = {isa = PBXFileReference; lastKnownFileType = file.storyboard; name = Base; path = Base.lproj/Main.storyboard; sourceTree = "<group>"; };
		713F540B1A8BB92F00C07205 /* Images.xcassets */ = {isa = PBXFileReference; lastKnownFileType = folder.assetcatalog; path = Images.xcassets; sourceTree = "<group>"; };
		713F540E1A8BB92F00C07205 /* Base */ = {isa = PBXFileReference; lastKnownFileType = file.xib; name = Base; path = Base.lproj/LaunchScreen.xib; sourceTree = "<group>"; };
		713F54141A8BB92F00C07205 /* GuessingGame04Tests.xctest */ = {isa = PBXFileReference; explicitFileType = wrapper.cfbundle; includeInIndex = 0; path = GuessingGame04Tests.xctest; sourceTree = BUILT_PRODUCTS_DIR; };
		713F54191A8BB92F00C07205 /* Info.plist */ = {isa = PBXFileReference; lastKnownFileType = text.plist.xml; path = Info.plist; sourceTree = "<group>"; };
		713F541A1A8BB92F00C07205 /* GuessingGame04Tests.swift */ = {isa = PBXFileReference; lastKnownFileType = sourcecode.swift; path = GuessingGame04Tests.swift; sourceTree = "<group>"; };
/* End PBXFileReference section */

/* Begin PBXFrameworksBuildPhase section */
		713F53FC1A8BB92F00C07205 /* Frameworks */ = {
			isa = PBXFrameworksBuildPhase;
			buildActionMask = 2147483647;
			files = (
			);
			runOnlyForDeploymentPostprocessing = 0;
		};
		713F54111A8BB92F00C07205 /* Frameworks */ = {
			isa = PBXFrameworksBuildPhase;
			buildActionMask = 2147483647;
			files = (
			);
			runOnlyForDeploymentPostprocessing = 0;
		};
/* End PBXFrameworksBuildPhase section */

/* Begin PBXGroup section */
		713F53F61A8BB92F00C07205 = {
			isa = PBXGroup;
			children = (
				713F54011A8BB92F00C07205 /* GuessingGame04 */,
				713F54171A8BB92F00C07205 /* GuessingGame04Tests */,
				713F54001A8BB92F00C07205 /* Products */,
			);
			sourceTree = "<group>";
		};
		713F54001A8BB92F00C07205 /* Products */ = {
			isa = PBXGroup;
			children = (
				713F53FF1A8BB92F00C07205 /* GuessingGame04.app */,
				713F54141A8BB92F00C07205 /* GuessingGame04Tests.xctest */,
			);
			name = Products;
			sourceTree = "<group>";
		};
		713F54011A8BB92F00C07205 /* GuessingGame04 */ = {
			isa = PBXGroup;
			children = (
				713F54041A8BB92F00C07205 /* AppDelegate.swift */,
				713F54061A8BB92F00C07205 /* ViewController.swift */,
				713F54081A8BB92F00C07205 /* Main.storyboard */,
				713F540B1A8BB92F00C07205 /* Images.xcassets */,
				713F540D1A8BB92F00C07205 /* LaunchScreen.xib */,
				713F54021A8BB92F00C07205 /* Supporting Files */,
			);
			path = GuessingGame04;
			sourceTree = "<group>";
		};
		713F54021A8BB92F00C07205 /* Supporting Files */ = {
			isa = PBXGroup;
			children = (
				713F54031A8BB92F00C07205 /* Info.plist */,
			);
			name = "Supporting Files";
			sourceTree = "<group>";
		};
		713F54171A8BB92F00C07205 /* GuessingGame04Tests */ = {
			isa = PBXGroup;
			children = (
				713F541A1A8BB92F00C07205 /* GuessingGame04Tests.swift */,
				713F54181A8BB92F00C07205 /* Supporting Files */,
			);
			path = GuessingGame04Tests;
			sourceTree = "<group>";
		};
		713F54181A8BB92F00C07205 /* Supporting Files */ = {
			isa = PBXGroup;
			children = (
				713F54191A8BB92F00C07205 /* Info.plist */,
			);
			name = "Supporting Files";
			sourceTree = "<group>";
		};
/* End PBXGroup section */

/* Begin PBXNativeTarget section */
		713F53FE1A8BB92F00C07205 /* GuessingGame04 */ = {
			isa = PBXNativeTarget;
			buildConfigurationList = 713F541E1A8BB92F00C07205 /* Build configuration list for PBXNativeTarget "GuessingGame04" */;
			buildPhases = (
				713F53FB1A8BB92F00C07205 /* Sources */,
				713F53FC1A8BB92F00C07205 /* Frameworks */,
				713F53FD1A8BB92F00C07205 /* Resources */,
			);
			buildRules = (
			);
			dependencies = (
			);
			name = GuessingGame04;
			productName = GuessingGame04;
			productReference = 713F53FF1A8BB92F00C07205 /* GuessingGame04.app */;
			productType = "com.apple.product-type.application";
		};
		713F54131A8BB92F00C07205 /* GuessingGame04Tests */ = {
			isa = PBXNativeTarget;
			buildConfigurationList = 713F54211A8BB92F00C07205 /* Build configuration list for PBXNativeTarget "GuessingGame04Tests" */;
			buildPhases = (
				713F54101A8BB92F00C07205 /* Sources */,
				713F54111A8BB92F00C07205 /* Frameworks */,
				713F54121A8BB92F00C07205 /* Resources */,
			);
			buildRules = (
			);
			dependencies = (
				713F54161A8BB92F00C07205 /* PBXTargetDependency */,
			);
			name = GuessingGame04Tests;
			productName = GuessingGame04Tests;
			productReference = 713F54141A8BB92F00C07205 /* GuessingGame04Tests.xctest */;
			productType = "com.apple.product-type.bundle.unit-test";
		};
/* End PBXNativeTarget section */

/* Begin PBXProject section */
		713F53F71A8BB92F00C07205 /* Project object */ = {
			isa = PBXProject;
			attributes = {
				LastUpgradeCheck = 0610;
				ORGANIZATIONNAME = "David Gudeman";
				TargetAttributes = {
					713F53FE1A8BB92F00C07205 = {
						CreatedOnToolsVersion = 6.1.1;
					};
					713F54131A8BB92F00C07205 = {
						CreatedOnToolsVersion = 6.1.1;
						TestTargetID = 713F53FE1A8BB92F00C07205;
					};
				};
			};
			buildConfigurationList = 713F53FA1A8BB92F00C07205 /* Build configuration list for PBXProject "GuessingGame04" */;
			compatibilityVersion = "Xcode 3.2";
			developmentRegion = English;
			hasScannedForEncodings = 0;
			knownRegions = (
				en,
				Base,
			);
			mainGroup = 713F53F61A8BB92F00C07205;
			productRefGroup = 713F54001A8BB92F00C07205 /* Products */;
			projectDirPath = "";
			projectRoot = "";
			targets = (
				713F53FE1A8BB92F00C07205 /* GuessingGame04 */,
				713F54131A8BB92F00C07205 /* GuessingGame04Tests */,
			);
		};
/* End PBXProject section */

/* Begin PBXResourcesBuildPhase section */
		713F53FD1A8BB92F00C07205 /* Resources */ = {
			isa = PBXResourcesBuildPhase;
			buildActionMask = 2147483647;
			files = (
				713F540A1A8BB92F00C07205 /* Main.storyboard in Resources */,
				713F540F1A8BB92F00C07205 /* LaunchScreen.xib in Resources */,
				713F540C1A8BB92F00C07205 /* Images.xcassets in Resources */,
			);
			runOnlyForDeploymentPostprocessing = 0;
		};
		713F54121A8BB92F00C07205 /* Resources */ = {
			isa = PBXResourcesBuildPhase;
			buildActionMask = 2147483647;
			files = (
			);
			runOnlyForDeploymentPostprocessing = 0;
		};
/* End PBXResourcesBuildPhase section */

/* Begin PBXSourcesBuildPhase section */
		713F53FB1A8BB92F00C07205 /* Sources */ = {
			isa = PBXSourcesBuildPhase;
			buildActionMask = 2147483647;
			files = (
				713F54071A8BB92F00C07205 /* ViewController.swift in Sources */,
				713F54051A8BB92F00C07205 /* AppDelegate.swift in Sources */,
			);
			runOnlyForDeploymentPostprocessing = 0;
		};
		713F54101A8BB92F00C07205 /* Sources */ = {
			isa = PBXSourcesBuildPhase;
			buildActionMask = 2147483647;
			files = (
				713F541B1A8BB92F00C07205 /* GuessingGame04Tests.swift in Sources */,
			);
			runOnlyForDeploymentPostprocessing = 0;
		};
/* End PBXSourcesBuildPhase section */

/* Begin PBXTargetDependency section */
		713F54161A8BB92F00C07205 /* PBXTargetDependency */ = {
			isa = PBXTargetDependency;
			target = 713F53FE1A8BB92F00C07205 /* GuessingGame04 */;
			targetProxy = 713F54151A8BB92F00C07205 /* PBXContainerItemProxy */;
		};
/* End PBXTargetDependency section */

/* Begin PBXVariantGroup section */
		713F54081A8BB92F00C07205 /* Main.storyboard */ = {
			isa = PBXVariantGroup;
			children = (
				713F54091A8BB92F00C07205 /* Base */,
			);
			name = Main.storyboard;
			sourceTree = "<group>";
		};
		713F540D1A8BB92F00C07205 /* LaunchScreen.xib */ = {
			isa = PBXVariantGroup;
			children = (
				713F540E1A8BB92F00C07205 /* Base */,
			);
			name = LaunchScreen.xib;
			sourceTree = "<group>";
		};
/* End PBXVariantGroup section */

/* Begin XCBuildConfiguration section */
		713F541C1A8BB92F00C07205 /* Debug */ = {
			isa = XCBuildConfiguration;
			buildSettings = {
				ALWAYS_SEARCH_USER_PATHS = NO;
				CLANG_CXX_LANGUAGE_STANDARD = "gnu++0x";
				CLANG_CXX_LIBRARY = "libc++";
				CLANG_ENABLE_MODULES = YES;
				CLANG_ENABLE_OBJC_ARC = YES;
				CLANG_WARN_BOOL_CONVERSION = YES;
				CLANG_WARN_CONSTANT_CONVERSION = YES;
				CLANG_WARN_DIRECT_OBJC_ISA_USAGE = YES_ERROR;
				CLANG_WARN_EMPTY_BODY = YES;
				CLANG_WARN_ENUM_CONVERSION = YES;
				CLANG_WARN_INT_CONVERSION = YES;
				CLANG_WARN_OBJC_ROOT_CLASS = YES_ERROR;
				CLANG_WARN_UNREACHABLE_CODE = YES;
				CLANG_WARN__DUPLICATE_METHOD_MATCH = YES;
				"CODE_SIGN_IDENTITY[sdk=iphoneos*]" = "iPhone Developer";
				COPY_PHASE_STRIP = NO;
				ENABLE_STRICT_OBJC_MSGSEND = YES;
				GCC_C_LANGUAGE_STANDARD = gnu99;
				GCC_DYNAMIC_NO_PIC = NO;
				GCC_OPTIMIZATION_LEVEL = 0;
				GCC_PREPROCESSOR_DEFINITIONS = (
					"DEBUG=1",
					"$(inherited)",
				);
				GCC_SYMBOLS_PRIVATE_EXTERN = NO;
				GCC_WARN_64_TO_32_BIT_CONVERSION = YES;
				GCC_WARN_ABOUT_RETURN_TYPE = YES_ERROR;
				GCC_WARN_UNDECLARED_SELECTOR = YES;
				GCC_WARN_UNINITIALIZED_AUTOS = YES_AGGRESSIVE;
				GCC_WARN_UNUSED_FUNCTION = YES;
				GCC_WARN_UNUSED_VARIABLE = YES;
				IPHONEOS_DEPLOYMENT_TARGET = 8.1;
				MTL_ENABLE_DEBUG_INFO = YES;
				ONLY_ACTIVE_ARCH = YES;
				SDKROOT = iphoneos;
				SWIFT_OPTIMIZATION_LEVEL = "-Onone";
			};
			name = Debug;
		};
		713F541D1A8BB92F00C07205 /* Release */ = {
			isa = XCBuildConfiguration;
			buildSettings = {
				ALWAYS_SEARCH_USER_PATHS = NO;
				CLANG_CXX_LANGUAGE_STANDARD = "gnu++0x";
				CLANG_CXX_LIBRARY = "libc++";
				CLANG_ENABLE_MODULES = YES;
				CLANG_ENABLE_OBJC_ARC = YES;
				CLANG_WARN_BOOL_CONVERSION = YES;
				CLANG_WARN_CONSTANT_CONVERSION = YES;
				CLANG_WARN_DIRECT_OBJC_ISA_USAGE = YES_ERROR;
				CLANG_WARN_EMPTY_BODY = YES;
				CLANG_WARN_ENUM_CONVERSION = YES;
				CLANG_WARN_INT_CONVERSION = YES;
				CLANG_WARN_OBJC_ROOT_CLASS = YES_ERROR;
				CLANG_WARN_UNREACHABLE_CODE = YES;
				CLANG_WARN__DUPLICATE_METHOD_MATCH = YES;
				"CODE_SIGN_IDENTITY[sdk=iphoneos*]" = "iPhone Developer";
				COPY_PHASE_STRIP = YES;
				ENABLE_NS_ASSERTIONS = NO;
				ENABLE_STRICT_OBJC_MSGSEND = YES;
				GCC_C_LANGUAGE_STANDARD = gnu99;
				GCC_WARN_64_TO_32_BIT_CONVERSION = YES;
				GCC_WARN_ABOUT_RETURN_TYPE = YES_ERROR;
				GCC_WARN_UNDECLARED_SELECTOR = YES;
				GCC_WARN_UNINITIALIZED_AUTOS = YES_AGGRESSIVE;
				GCC_WARN_UNUSED_FUNCTION = YES;
				GCC_WARN_UNUSED_VARIABLE = YES;
				IPHONEOS_DEPLOYMENT_TARGET = 8.1;
				MTL_ENABLE_DEBUG_INFO = NO;
				SDKROOT = iphoneos;
				VALIDATE_PRODUCT = YES;
			};
			name = Release;
		};
		713F541F1A8BB92F00C07205 /* Debug */ = {
			isa = XCBuildConfiguration;
			buildSettings = {
				ASSETCATALOG_COMPILER_APPICON_NAME = AppIcon;
				INFOPLIST_FILE = GuessingGame04/Info.plist;
				LD_RUNPATH_SEARCH_PATHS = "$(inherited) @executable_path/Frameworks";
				PRODUCT_NAME = "$(TARGET_NAME)";
			};
			name = Debug;
		};
		713F54201A8BB92F00C07205 /* Release */ = {
			isa = XCBuildConfiguration;
			buildSettings = {
				ASSETCATALOG_COMPILER_APPICON_NAME = AppIcon;
				INFOPLIST_FILE = GuessingGame04/Info.plist;
				LD_RUNPATH_SEARCH_PATHS = "$(inherited) @executable_path/Frameworks";
				PRODUCT_NAME = "$(TARGET_NAME)";
			};
			name = Release;
		};
		713F54221A8BB92F00C07205 /* Debug */ = {
			isa = XCBuildConfiguration;
			buildSettings = {
				BUNDLE_LOADER = "$(TEST_HOST)";
				FRAMEWORK_SEARCH_PATHS = (
					"$(SDKROOT)/Developer/Library/Frameworks",
					"$(inherited)",
				);
				GCC_PREPROCESSOR_DEFINITIONS = (
					"DEBUG=1",
					"$(inherited)",
				);
				INFOPLIST_FILE = GuessingGame04Tests/Info.plist;
				LD_RUNPATH_SEARCH_PATHS = "$(inherited) @executable_path/Frameworks @loader_path/Frameworks";
				PRODUCT_NAME = "$(TARGET_NAME)";
				TEST_HOST = "$(BUILT_PRODUCTS_DIR)/GuessingGame04.app/GuessingGame04";
			};
			name = Debug;
		};
		713F54231A8BB92F00C07205 /* Release */ = {
			isa = XCBuildConfiguration;
			buildSettings = {
				BUNDLE_LOADER = "$(TEST_HOST)";
				FRAMEWORK_SEARCH_PATHS = (
					"$(SDKROOT)/Developer/Library/Frameworks",
					"$(inherited)",
				);
				INFOPLIST_FILE = GuessingGame04Tests/Info.plist;
				LD_RUNPATH_SEARCH_PATHS = "$(inherited) @executable_path/Frameworks @loader_path/Frameworks";
				PRODUCT_NAME = "$(TARGET_NAME)";
				TEST_HOST = "$(BUILT_PRODUCTS_DIR)/GuessingGame04.app/GuessingGame04";
			};
			name = Release;
		};
/* End XCBuildConfiguration section */

/* Begin XCConfigurationList section */
		713F53FA1A8BB92F00C07205 /* Build configuration list for PBXProject "GuessingGame04" */ = {
			isa = XCConfigurationList;
			buildConfigurations = (
				713F541C1A8BB92F00C07205 /* Debug */,
				713F541D1A8BB92F00C07205 /* Release */,
			);
			defaultConfigurationIsVisible = 0;
			defaultConfigurationName = Release;
		};
		713F541E1A8BB92F00C07205 /* Build configuration list for PBXNativeTarget "GuessingGame04" */ = {
			isa = XCConfigurationList;
			buildConfigurations = (
				713F541F1A8BB92F00C07205 /* Debug */,
				713F54201A8BB92F00C07205 /* Release */,
			);
			defaultConfigurationIsVisible = 0;
		};
		713F54211A8BB92F00C07205 /* Build configuration list for PBXNativeTarget "GuessingGame04Tests" */ = {
			isa = XCConfigurationList;
			buildConfigurations = (
				713F54221A8BB92F00C07205 /* Debug */,
				713F54231A8BB92F00C07205 /* Release */,
			);
			defaultConfigurationIsVisible = 0;
		};
/* End XCConfigurationList section */
	};
	rootObject = 713F53F71A8BB92F00C07205 /* Project object */;
}
